
Microsoft Visual Studio Solution File, Format Version 12.00
# Visual Studio Version 17
VisualStudioVersion = 17.14.36127.28
MinimumVisualStudioVersion = 10.0.40219.1
Project("{FAE04EC0-301F-11D3-BF4B-00C04F79EFBC}") = "MitchellResponsiveWebAppSmyka", "MitchellResponsiveWebAppSmyka.csproj", "{CFB6D725-BA7C-480B-840C-A1B02EF625EA}"
EndProject
Project("{FAE04EC0-301F-11D3-BF4B-00C04F79EFBC}") = "UnitTesting", "..\UnitTesting\UnitTesting.csproj", "{2FCAD8BC-1FAC-4BA3-92DB-C34057003A92}"
EndProject
Global
	GlobalSection(SolutionConfigurationPlatforms) = preSolution
		Debug|Any CPU = Debug|Any CPU
		Release|Any CPU = Release|Any CPU
	EndGlobalSection
	GlobalSection(ProjectConfigurationPlatforms) = postSolution
		{CFB6D725-BA7C-480B-840C-A1B02EF625EA}.Debug|Any CPU.ActiveCfg = Debug|Any CPU
		{CFB6D725-BA7C-480B-840C-A1B02EF625EA}.Debug|Any CPU.Build.0 = Debug|Any CPU
		{CFB6D725-BA7C-480B-840C-A1B02EF625EA}.Release|Any CPU.ActiveCfg = Release|Any CPU
		{CFB6D725-BA7C-480B-840C-A1B02EF625EA}.Release|Any CPU.Build.0 = Release|Any CPU
		{2FCAD8BC-1FAC-4BA3-92DB-C34057003A92}.Debug|Any CPU.ActiveCfg = Debug|Any CPU
		{2FCAD8BC-1FAC-4BA3-92DB-C34057003A92}.Debug|Any CPU.Build.0 = Debug|Any CPU
		{2FCAD8BC-1FAC-4BA3-92DB-C34057003A92}.Release|Any CPU.ActiveCfg = Release|Any CPU
		{2FCAD8BC-1FAC-4BA3-92DB-C34057003A92}.Release|Any CPU.Build.0 = Release|Any CPU
	EndGlobalSection
	GlobalSection(SolutionProperties) = preSolution
		HideSolutionNode = FALSE
	EndGlobalSection
	GlobalSection(ExtensibilityGlobals) = postSolution
		SolutionGuid = {C6A82BAF-594E-4A87-9B22-0C38E5DA91BF}
	EndGlobalSection
EndGlobal
